
Microsoft Visual Studio Solution File, Format Version 12.00
# Visual Studio Express 2012 for Windows Desktop
Project("{FAE04EC0-301F-11D3-BF4B-00C04F79EFBC}") = "ru.xnull.ebot", "E-bot\ru.xnull.ebot.csproj", "{20FBCD46-A92D-4C2E-AC98-5F270C3597EB}"
EndProject
Project("{FAE04EC0-301F-11D3-BF4B-00C04F79EFBC}") = "ru.xnull.ebot.test", "Test_Ebot\ru.xnull.ebot.test.csproj", "{66E24221-26B2-4602-8A5C-A0E46D5824C8}"
	ProjectSection(ProjectDependencies) = postProject
		{20FBCD46-A92D-4C2E-AC98-5F270C3597EB} = {20FBCD46-A92D-4C2E-AC98-5F270C3597EB}
	EndProjectSection
EndProject
Project("{2150E333-8FDC-42A3-9474-1A3956D46DE8}") = ".nuget", ".nuget", "{514A3A86-CF86-46E0-9D92-EC4DD78A3132}"
	ProjectSection(SolutionItems) = preProject
		.nuget\packages.config = .nuget\packages.config
	EndProjectSection
EndProject
Global
	GlobalSection(SolutionConfigurationPlatforms) = preSolution
		Debug|Any CPU = Debug|Any CPU
		Release|Any CPU = Release|Any CPU
	EndGlobalSection
	GlobalSection(ProjectConfigurationPlatforms) = postSolution
		{20FBCD46-A92D-4C2E-AC98-5F270C3597EB}.Debug|Any CPU.ActiveCfg = Debug|Any CPU
		{20FBCD46-A92D-4C2E-AC98-5F270C3597EB}.Debug|Any CPU.Build.0 = Debug|Any CPU
		{20FBCD46-A92D-4C2E-AC98-5F270C3597EB}.Release|Any CPU.ActiveCfg = Release|Any CPU
		{20FBCD46-A92D-4C2E-AC98-5F270C3597EB}.Release|Any CPU.Build.0 = Release|Any CPU
		{66E24221-26B2-4602-8A5C-A0E46D5824C8}.Debug|Any CPU.ActiveCfg = Debug|Any CPU
		{66E24221-26B2-4602-8A5C-A0E46D5824C8}.Debug|Any CPU.Build.0 = Debug|Any CPU
		{66E24221-26B2-4602-8A5C-A0E46D5824C8}.Release|Any CPU.ActiveCfg = Release|Any CPU
		{66E24221-26B2-4602-8A5C-A0E46D5824C8}.Release|Any CPU.Build.0 = Release|Any CPU
	EndGlobalSection
	GlobalSection(SolutionProperties) = preSolution
		HideSolutionNode = FALSE
	EndGlobalSection
EndGlobal
